
Microsoft Visual Studio Solution File, Format Version 12.00
# Visual Studio Version 17
Project("{2150E333-8FDC-42A3-9474-1A3956D46DE8}") = "CMakePredefinedTargets", "CMakePredefinedTargets", "{B5FE997E-29C7-3B51-85D3-67A7F5A92621}"
EndProject
Project("{2150E333-8FDC-42A3-9474-1A3956D46DE8}") = "External", "External", "{3A8B2B6D-D617-3E5B-A16E-99E787BDA993}"
EndProject
Project("{2150E333-8FDC-42A3-9474-1A3956D46DE8}") = "Internal", "Internal", "{887A5CE2-52E0-3610-A008-D265359E8984}"
EndProject
Project("{2150E333-8FDC-42A3-9474-1A3956D46DE8}") = "Utils", "Utils", "{45A411B7-4E19-3EC9-9FE5-4712E05E4F00}"
EndProject
Project("{8BC9CEB8-8B4A-11D0-8D11-00A0C91BC942}") = "ALL_BUILD", "ALL_BUILD.vcxproj", "{AFC0B8D2-474A-3C10-8B35-876D38327D63}"
	ProjectSection(ProjectDependencies) = postProject
		{0393F49D-1852-3773-AB85-DC408C750F79} = {0393F49D-1852-3773-AB85-DC408C750F79}
		{A58B5E4D-8F4C-3BC9-AA2E-90F661695FE7} = {A58B5E4D-8F4C-3BC9-AA2E-90F661695FE7}
		{B3B21C2B-2566-3286-94EA-4F5443499D45} = {B3B21C2B-2566-3286-94EA-4F5443499D45}
		{83B46124-DFF3-3A69-AF7C-3B71B36EB72B} = {83B46124-DFF3-3A69-AF7C-3B71B36EB72B}
		{C2483C9B-340E-3B5D-93F9-A9EB7EDC034B} = {C2483C9B-340E-3B5D-93F9-A9EB7EDC034B}
		{76435B6F-7996-3A40-8814-74FE2A530527} = {76435B6F-7996-3A40-8814-74FE2A530527}
		{5F916041-C251-3DD9-9486-64DED94E6810} = {5F916041-C251-3DD9-9486-64DED94E6810}
		{14B9CC73-3FAA-3684-A228-18A552E26DEB} = {14B9CC73-3FAA-3684-A228-18A552E26DEB}
		{CAA5C38E-021E-35F6-B1CC-0AEDE2B55FB6} = {CAA5C38E-021E-35F6-B1CC-0AEDE2B55FB6}
		{622D9B63-5C4E-3C16-A591-2F99BECBFDAF} = {622D9B63-5C4E-3C16-A591-2F99BECBFDAF}
		{552E4B89-3809-31FA-9FDC-63E613A8B682} = {552E4B89-3809-31FA-9FDC-63E613A8B682}
		{139B79A9-D0A2-32DA-B88C-6DEBBB416DCB} = {139B79A9-D0A2-32DA-B88C-6DEBBB416DCB}
		{C5113FEB-D2D3-3521-8150-9085F914530E} = {C5113FEB-D2D3-3521-8150-9085F914530E}
		{8331A6F8-A58A-3A3B-A923-6B53B9F0CE9B} = {8331A6F8-A58A-3A3B-A923-6B53B9F0CE9B}
		{11D06102-B56D-3D11-BF23-25B039AF3CE8} = {11D06102-B56D-3D11-BF23-25B039AF3CE8}
	EndProjectSection
EndProject
Project("{8BC9CEB8-8B4A-11D0-8D11-00A0C91BC942}") = "Game", "Game.vcxproj", "{0393F49D-1852-3773-AB85-DC408C750F79}"
	ProjectSection(ProjectDependencies) = postProject
		{A58B5E4D-8F4C-3BC9-AA2E-90F661695FE7} = {A58B5E4D-8F4C-3BC9-AA2E-90F661695FE7}
		{B3B21C2B-2566-3286-94EA-4F5443499D45} = {B3B21C2B-2566-3286-94EA-4F5443499D45}
		{83B46124-DFF3-3A69-AF7C-3B71B36EB72B} = {83B46124-DFF3-3A69-AF7C-3B71B36EB72B}
		{C2483C9B-340E-3B5D-93F9-A9EB7EDC034B} = {C2483C9B-340E-3B5D-93F9-A9EB7EDC034B}
		{76435B6F-7996-3A40-8814-74FE2A530527} = {76435B6F-7996-3A40-8814-74FE2A530527}
		{5F916041-C251-3DD9-9486-64DED94E6810} = {5F916041-C251-3DD9-9486-64DED94E6810}
		{14B9CC73-3FAA-3684-A228-18A552E26DEB} = {14B9CC73-3FAA-3684-A228-18A552E26DEB}
		{CAA5C38E-021E-35F6-B1CC-0AEDE2B55FB6} = {CAA5C38E-021E-35F6-B1CC-0AEDE2B55FB6}
		{622D9B63-5C4E-3C16-A591-2F99BECBFDAF} = {622D9B63-5C4E-3C16-A591-2F99BECBFDAF}
		{552E4B89-3809-31FA-9FDC-63E613A8B682} = {552E4B89-3809-31FA-9FDC-63E613A8B682}
		{139B79A9-D0A2-32DA-B88C-6DEBBB416DCB} = {139B79A9-D0A2-32DA-B88C-6DEBBB416DCB}
		{C5113FEB-D2D3-3521-8150-9085F914530E} = {C5113FEB-D2D3-3521-8150-9085F914530E}
		{8331A6F8-A58A-3A3B-A923-6B53B9F0CE9B} = {8331A6F8-A58A-3A3B-A923-6B53B9F0CE9B}
		{11D06102-B56D-3D11-BF23-25B039AF3CE8} = {11D06102-B56D-3D11-BF23-25B039AF3CE8}
	EndProjectSection
EndProject
Project("{8BC9CEB8-8B4A-11D0-8D11-00A0C91BC942}") = "SYNC_RESOURCE-Game", "SYNC_RESOURCE-Game.vcxproj", "{A58B5E4D-8F4C-3BC9-AA2E-90F661695FE7}"
	ProjectSection(ProjectDependencies) = postProject
		{B3B21C2B-2566-3286-94EA-4F5443499D45} = {B3B21C2B-2566-3286-94EA-4F5443499D45}
	EndProjectSection
EndProject
Project("{8BC9CEB8-8B4A-11D0-8D11-00A0C91BC942}") = "ZERO_CHECK", "ZERO_CHECK.vcxproj", "{B3B21C2B-2566-3286-94EA-4F5443499D45}"
	ProjectSection(ProjectDependencies) = postProject
	EndProjectSection
EndProject
Project("{8BC9CEB8-8B4A-11D0-8D11-00A0C91BC942}") = "cocos2d", "engine\cocos\core\cocos2d.vcxproj", "{83B46124-DFF3-3A69-AF7C-3B71B36EB72B}"
	ProjectSection(ProjectDependencies) = postProject
		{B3B21C2B-2566-3286-94EA-4F5443499D45} = {B3B21C2B-2566-3286-94EA-4F5443499D45}
		{C2483C9B-340E-3B5D-93F9-A9EB7EDC034B} = {C2483C9B-340E-3B5D-93F9-A9EB7EDC034B}
		{76435B6F-7996-3A40-8814-74FE2A530527} = {76435B6F-7996-3A40-8814-74FE2A530527}
		{5F916041-C251-3DD9-9486-64DED94E6810} = {5F916041-C251-3DD9-9486-64DED94E6810}
		{14B9CC73-3FAA-3684-A228-18A552E26DEB} = {14B9CC73-3FAA-3684-A228-18A552E26DEB}
		{CAA5C38E-021E-35F6-B1CC-0AEDE2B55FB6} = {CAA5C38E-021E-35F6-B1CC-0AEDE2B55FB6}
		{622D9B63-5C4E-3C16-A591-2F99BECBFDAF} = {622D9B63-5C4E-3C16-A591-2F99BECBFDAF}
		{552E4B89-3809-31FA-9FDC-63E613A8B682} = {552E4B89-3809-31FA-9FDC-63E613A8B682}
		{139B79A9-D0A2-32DA-B88C-6DEBBB416DCB} = {139B79A9-D0A2-32DA-B88C-6DEBBB416DCB}
		{C5113FEB-D2D3-3521-8150-9085F914530E} = {C5113FEB-D2D3-3521-8150-9085F914530E}
		{8331A6F8-A58A-3A3B-A923-6B53B9F0CE9B} = {8331A6F8-A58A-3A3B-A923-6B53B9F0CE9B}
		{11D06102-B56D-3D11-BF23-25B039AF3CE8} = {11D06102-B56D-3D11-BF23-25B039AF3CE8}
	EndProjectSection
EndProject
Project("{8BC9CEB8-8B4A-11D0-8D11-00A0C91BC942}") = "ext_clipper", "engine\external\clipper\ext_clipper.vcxproj", "{C2483C9B-340E-3B5D-93F9-A9EB7EDC034B}"
	ProjectSection(ProjectDependencies) = postProject
		{B3B21C2B-2566-3286-94EA-4F5443499D45} = {B3B21C2B-2566-3286-94EA-4F5443499D45}
	EndProjectSection
EndProject
Project("{8BC9CEB8-8B4A-11D0-8D11-00A0C91BC942}") = "ext_convertUTF", "engine\external\ConvertUTF\ext_convertUTF.vcxproj", "{76435B6F-7996-3A40-8814-74FE2A530527}"
	ProjectSection(ProjectDependencies) = postProject
		{B3B21C2B-2566-3286-94EA-4F5443499D45} = {B3B21C2B-2566-3286-94EA-4F5443499D45}
	EndProjectSection
EndProject
Project("{8BC9CEB8-8B4A-11D0-8D11-00A0C91BC942}") = "ext_edtaa3func", "engine\external\edtaa3func\ext_edtaa3func.vcxproj", "{5F916041-C251-3DD9-9486-64DED94E6810}"
	ProjectSection(ProjectDependencies) = postProject
		{B3B21C2B-2566-3286-94EA-4F5443499D45} = {B3B21C2B-2566-3286-94EA-4F5443499D45}
	EndProjectSection
EndProject
Project("{8BC9CEB8-8B4A-11D0-8D11-00A0C91BC942}") = "ext_md5", "engine\external\md5\ext_md5.vcxproj", "{14B9CC73-3FAA-3684-A228-18A552E26DEB}"
	ProjectSection(ProjectDependencies) = postProject
		{B3B21C2B-2566-3286-94EA-4F5443499D45} = {B3B21C2B-2566-3286-94EA-4F5443499D45}
	EndProjectSection
EndProject
Project("{8BC9CEB8-8B4A-11D0-8D11-00A0C91BC942}") = "ext_poly2tri", "engine\external\poly2tri\ext_poly2tri.vcxproj", "{CAA5C38E-021E-35F6-B1CC-0AEDE2B55FB6}"
	ProjectSection(ProjectDependencies) = postProject
		{B3B21C2B-2566-3286-94EA-4F5443499D45} = {B3B21C2B-2566-3286-94EA-4F5443499D45}
	EndProjectSection
EndProject
Project("{8BC9CEB8-8B4A-11D0-8D11-00A0C91BC942}") = "ext_recast", "engine\external\recast\ext_recast.vcxproj", "{622D9B63-5C4E-3C16-A591-2F99BECBFDAF}"
	ProjectSection(ProjectDependencies) = postProject
		{B3B21C2B-2566-3286-94EA-4F5443499D45} = {B3B21C2B-2566-3286-94EA-4F5443499D45}
	EndProjectSection
EndProject
Project("{8BC9CEB8-8B4A-11D0-8D11-00A0C91BC942}") = "ext_tinyxml2", "engine\external\tinyxml2\ext_tinyxml2.vcxproj", "{552E4B89-3809-31FA-9FDC-63E613A8B682}"
	ProjectSection(ProjectDependencies) = postProject
		{B3B21C2B-2566-3286-94EA-4F5443499D45} = {B3B21C2B-2566-3286-94EA-4F5443499D45}
	EndProjectSection
EndProject
Project("{8BC9CEB8-8B4A-11D0-8D11-00A0C91BC942}") = "ext_unzip", "engine\external\unzip\ext_unzip.vcxproj", "{139B79A9-D0A2-32DA-B88C-6DEBBB416DCB}"
	ProjectSection(ProjectDependencies) = postProject
		{B3B21C2B-2566-3286-94EA-4F5443499D45} = {B3B21C2B-2566-3286-94EA-4F5443499D45}
	EndProjectSection
EndProject
Project("{8BC9CEB8-8B4A-11D0-8D11-00A0C91BC942}") = "ext_xxhash", "engine\external\xxhash\ext_xxhash.vcxproj", "{C5113FEB-D2D3-3521-8150-9085F914530E}"
	ProjectSection(ProjectDependencies) = postProject
		{B3B21C2B-2566-3286-94EA-4F5443499D45} = {B3B21C2B-2566-3286-94EA-4F5443499D45}
	EndProjectSection
EndProject
Project("{8BC9CEB8-8B4A-11D0-8D11-00A0C91BC942}") = "ext_xxtea", "engine\external\xxtea\ext_xxtea.vcxproj", "{8331A6F8-A58A-3A3B-A923-6B53B9F0CE9B}"
	ProjectSection(ProjectDependencies) = postProject
		{B3B21C2B-2566-3286-94EA-4F5443499D45} = {B3B21C2B-2566-3286-94EA-4F5443499D45}
	EndProjectSection
EndProject
Project("{8BC9CEB8-8B4A-11D0-8D11-00A0C91BC942}") = "external", "engine\external\external.vcxproj", "{11D06102-B56D-3D11-BF23-25B039AF3CE8}"
	ProjectSection(ProjectDependencies) = postProject
		{B3B21C2B-2566-3286-94EA-4F5443499D45} = {B3B21C2B-2566-3286-94EA-4F5443499D45}
		{C2483C9B-340E-3B5D-93F9-A9EB7EDC034B} = {C2483C9B-340E-3B5D-93F9-A9EB7EDC034B}
		{76435B6F-7996-3A40-8814-74FE2A530527} = {76435B6F-7996-3A40-8814-74FE2A530527}
		{5F916041-C251-3DD9-9486-64DED94E6810} = {5F916041-C251-3DD9-9486-64DED94E6810}
		{14B9CC73-3FAA-3684-A228-18A552E26DEB} = {14B9CC73-3FAA-3684-A228-18A552E26DEB}
		{CAA5C38E-021E-35F6-B1CC-0AEDE2B55FB6} = {CAA5C38E-021E-35F6-B1CC-0AEDE2B55FB6}
		{622D9B63-5C4E-3C16-A591-2F99BECBFDAF} = {622D9B63-5C4E-3C16-A591-2F99BECBFDAF}
		{552E4B89-3809-31FA-9FDC-63E613A8B682} = {552E4B89-3809-31FA-9FDC-63E613A8B682}
		{139B79A9-D0A2-32DA-B88C-6DEBBB416DCB} = {139B79A9-D0A2-32DA-B88C-6DEBBB416DCB}
		{C5113FEB-D2D3-3521-8150-9085F914530E} = {C5113FEB-D2D3-3521-8150-9085F914530E}
		{8331A6F8-A58A-3A3B-A923-6B53B9F0CE9B} = {8331A6F8-A58A-3A3B-A923-6B53B9F0CE9B}
	EndProjectSection
EndProject
Global
	GlobalSection(SolutionConfigurationPlatforms) = preSolution
		Debug|Win32 = Debug|Win32
		Release|Win32 = Release|Win32
		MinSizeRel|Win32 = MinSizeRel|Win32
		RelWithDebInfo|Win32 = RelWithDebInfo|Win32
	EndGlobalSection
	GlobalSection(ProjectConfigurationPlatforms) = postSolution
		{AFC0B8D2-474A-3C10-8B35-876D38327D63}.Debug|Win32.ActiveCfg = Debug|Win32
		{AFC0B8D2-474A-3C10-8B35-876D38327D63}.Release|Win32.ActiveCfg = Release|Win32
		{AFC0B8D2-474A-3C10-8B35-876D38327D63}.MinSizeRel|Win32.ActiveCfg = MinSizeRel|Win32
		{AFC0B8D2-474A-3C10-8B35-876D38327D63}.RelWithDebInfo|Win32.ActiveCfg = RelWithDebInfo|Win32
		{0393F49D-1852-3773-AB85-DC408C750F79}.Debug|Win32.ActiveCfg = Debug|Win32
		{0393F49D-1852-3773-AB85-DC408C750F79}.Debug|Win32.Build.0 = Debug|Win32
		{0393F49D-1852-3773-AB85-DC408C750F79}.Release|Win32.ActiveCfg = Release|Win32
		{0393F49D-1852-3773-AB85-DC408C750F79}.Release|Win32.Build.0 = Release|Win32
		{0393F49D-1852-3773-AB85-DC408C750F79}.MinSizeRel|Win32.ActiveCfg = MinSizeRel|Win32
		{0393F49D-1852-3773-AB85-DC408C750F79}.MinSizeRel|Win32.Build.0 = MinSizeRel|Win32
		{0393F49D-1852-3773-AB85-DC408C750F79}.RelWithDebInfo|Win32.ActiveCfg = RelWithDebInfo|Win32
		{0393F49D-1852-3773-AB85-DC408C750F79}.RelWithDebInfo|Win32.Build.0 = RelWithDebInfo|Win32
		{A58B5E4D-8F4C-3BC9-AA2E-90F661695FE7}.Debug|Win32.ActiveCfg = Debug|Win32
		{A58B5E4D-8F4C-3BC9-AA2E-90F661695FE7}.Debug|Win32.Build.0 = Debug|Win32
		{A58B5E4D-8F4C-3BC9-AA2E-90F661695FE7}.Release|Win32.ActiveCfg = Release|Win32
		{A58B5E4D-8F4C-3BC9-AA2E-90F661695FE7}.Release|Win32.Build.0 = Release|Win32
		{A58B5E4D-8F4C-3BC9-AA2E-90F661695FE7}.MinSizeRel|Win32.ActiveCfg = MinSizeRel|Win32
		{A58B5E4D-8F4C-3BC9-AA2E-90F661695FE7}.MinSizeRel|Win32.Build.0 = MinSizeRel|Win32
		{A58B5E4D-8F4C-3BC9-AA2E-90F661695FE7}.RelWithDebInfo|Win32.ActiveCfg = RelWithDebInfo|Win32
		{A58B5E4D-8F4C-3BC9-AA2E-90F661695FE7}.RelWithDebInfo|Win32.Build.0 = RelWithDebInfo|Win32
		{B3B21C2B-2566-3286-94EA-4F5443499D45}.Debug|Win32.ActiveCfg = Debug|Win32
		{B3B21C2B-2566-3286-94EA-4F5443499D45}.Debug|Win32.Build.0 = Debug|Win32
		{B3B21C2B-2566-3286-94EA-4F5443499D45}.Release|Win32.ActiveCfg = Release|Win32
		{B3B21C2B-2566-3286-94EA-4F5443499D45}.Release|Win32.Build.0 = Release|Win32
		{B3B21C2B-2566-3286-94EA-4F5443499D45}.MinSizeRel|Win32.ActiveCfg = MinSizeRel|Win32
		{B3B21C2B-2566-3286-94EA-4F5443499D45}.MinSizeRel|Win32.Build.0 = MinSizeRel|Win32
		{B3B21C2B-2566-3286-94EA-4F5443499D45}.RelWithDebInfo|Win32.ActiveCfg = RelWithDebInfo|Win32
		{B3B21C2B-2566-3286-94EA-4F5443499D45}.RelWithDebInfo|Win32.Build.0 = RelWithDebInfo|Win32
		{83B46124-DFF3-3A69-AF7C-3B71B36EB72B}.Debug|Win32.ActiveCfg = Debug|Win32
		{83B46124-DFF3-3A69-AF7C-3B71B36EB72B}.Debug|Win32.Build.0 = Debug|Win32
		{83B46124-DFF3-3A69-AF7C-3B71B36EB72B}.Release|Win32.ActiveCfg = Release|Win32
		{83B46124-DFF3-3A69-AF7C-3B71B36EB72B}.Release|Win32.Build.0 = Release|Win32
		{83B46124-DFF3-3A69-AF7C-3B71B36EB72B}.MinSizeRel|Win32.ActiveCfg = MinSizeRel|Win32
		{83B46124-DFF3-3A69-AF7C-3B71B36EB72B}.MinSizeRel|Win32.Build.0 = MinSizeRel|Win32
		{83B46124-DFF3-3A69-AF7C-3B71B36EB72B}.RelWithDebInfo|Win32.ActiveCfg = RelWithDebInfo|Win32
		{83B46124-DFF3-3A69-AF7C-3B71B36EB72B}.RelWithDebInfo|Win32.Build.0 = RelWithDebInfo|Win32
		{C2483C9B-340E-3B5D-93F9-A9EB7EDC034B}.Debug|Win32.ActiveCfg = Debug|Win32
		{C2483C9B-340E-3B5D-93F9-A9EB7EDC034B}.Debug|Win32.Build.0 = Debug|Win32
		{C2483C9B-340E-3B5D-93F9-A9EB7EDC034B}.Release|Win32.ActiveCfg = Release|Win32
		{C2483C9B-340E-3B5D-93F9-A9EB7EDC034B}.Release|Win32.Build.0 = Release|Win32
		{C2483C9B-340E-3B5D-93F9-A9EB7EDC034B}.MinSizeRel|Win32.ActiveCfg = MinSizeRel|Win32
		{C2483C9B-340E-3B5D-93F9-A9EB7EDC034B}.MinSizeRel|Win32.Build.0 = MinSizeRel|Win32
		{C2483C9B-340E-3B5D-93F9-A9EB7EDC034B}.RelWithDebInfo|Win32.ActiveCfg = RelWithDebInfo|Win32
		{C2483C9B-340E-3B5D-93F9-A9EB7EDC034B}.RelWithDebInfo|Win32.Build.0 = RelWithDebInfo|Win32
		{76435B6F-7996-3A40-8814-74FE2A530527}.Debug|Win32.ActiveCfg = Debug|Win32
		{76435B6F-7996-3A40-8814-74FE2A530527}.Debug|Win32.Build.0 = Debug|Win32
		{76435B6F-7996-3A40-8814-74FE2A530527}.Release|Win32.ActiveCfg = Release|Win32
		{76435B6F-7996-3A40-8814-74FE2A530527}.Release|Win32.Build.0 = Release|Win32
		{76435B6F-7996-3A40-8814-74FE2A530527}.MinSizeRel|Win32.ActiveCfg = MinSizeRel|Win32
		{76435B6F-7996-3A40-8814-74FE2A530527}.MinSizeRel|Win32.Build.0 = MinSizeRel|Win32
		{76435B6F-7996-3A40-8814-74FE2A530527}.RelWithDebInfo|Win32.ActiveCfg = RelWithDebInfo|Win32
		{76435B6F-7996-3A40-8814-74FE2A530527}.RelWithDebInfo|Win32.Build.0 = RelWithDebInfo|Win32
		{5F916041-C251-3DD9-9486-64DED94E6810}.Debug|Win32.ActiveCfg = Debug|Win32
		{5F916041-C251-3DD9-9486-64DED94E6810}.Debug|Win32.Build.0 = Debug|Win32
		{5F916041-C251-3DD9-9486-64DED94E6810}.Release|Win32.ActiveCfg = Release|Win32
		{5F916041-C251-3DD9-9486-64DED94E6810}.Release|Win32.Build.0 = Release|Win32
		{5F916041-C251-3DD9-9486-64DED94E6810}.MinSizeRel|Win32.ActiveCfg = MinSizeRel|Win32
		{5F916041-C251-3DD9-9486-64DED94E6810}.MinSizeRel|Win32.Build.0 = MinSizeRel|Win32
		{5F916041-C251-3DD9-9486-64DED94E6810}.RelWithDebInfo|Win32.ActiveCfg = RelWithDebInfo|Win32
		{5F916041-C251-3DD9-9486-64DED94E6810}.RelWithDebInfo|Win32.Build.0 = RelWithDebInfo|Win32
		{14B9CC73-3FAA-3684-A228-18A552E26DEB}.Debug|Win32.ActiveCfg = Debug|Win32
		{14B9CC73-3FAA-3684-A228-18A552E26DEB}.Debug|Win32.Build.0 = Debug|Win32
		{14B9CC73-3FAA-3684-A228-18A552E26DEB}.Release|Win32.ActiveCfg = Release|Win32
		{14B9CC73-3FAA-3684-A228-18A552E26DEB}.Release|Win32.Build.0 = Release|Win32
		{14B9CC73-3FAA-3684-A228-18A552E26DEB}.MinSizeRel|Win32.ActiveCfg = MinSizeRel|Win32
		{14B9CC73-3FAA-3684-A228-18A552E26DEB}.MinSizeRel|Win32.Build.0 = MinSizeRel|Win32
		{14B9CC73-3FAA-3684-A228-18A552E26DEB}.RelWithDebInfo|Win32.ActiveCfg = RelWithDebInfo|Win32
		{14B9CC73-3FAA-3684-A228-18A552E26DEB}.RelWithDebInfo|Win32.Build.0 = RelWithDebInfo|Win32
		{CAA5C38E-021E-35F6-B1CC-0AEDE2B55FB6}.Debug|Win32.ActiveCfg = Debug|Win32
		{CAA5C38E-021E-35F6-B1CC-0AEDE2B55FB6}.Debug|Win32.Build.0 = Debug|Win32
		{CAA5C38E-021E-35F6-B1CC-0AEDE2B55FB6}.Release|Win32.ActiveCfg = Release|Win32
		{CAA5C38E-021E-35F6-B1CC-0AEDE2B55FB6}.Release|Win32.Build.0 = Release|Win32
		{CAA5C38E-021E-35F6-B1CC-0AEDE2B55FB6}.MinSizeRel|Win32.ActiveCfg = MinSizeRel|Win32
		{CAA5C38E-021E-35F6-B1CC-0AEDE2B55FB6}.MinSizeRel|Win32.Build.0 = MinSizeRel|Win32
		{CAA5C38E-021E-35F6-B1CC-0AEDE2B55FB6}.RelWithDebInfo|Win32.ActiveCfg = RelWithDebInfo|Win32
		{CAA5C38E-021E-35F6-B1CC-0AEDE2B55FB6}.RelWithDebInfo|Win32.Build.0 = RelWithDebInfo|Win32
		{622D9B63-5C4E-3C16-A591-2F99BECBFDAF}.Debug|Win32.ActiveCfg = Debug|Win32
		{622D9B63-5C4E-3C16-A591-2F99BECBFDAF}.Debug|Win32.Build.0 = Debug|Win32
		{622D9B63-5C4E-3C16-A591-2F99BECBFDAF}.Release|Win32.ActiveCfg = Release|Win32
		{622D9B63-5C4E-3C16-A591-2F99BECBFDAF}.Release|Win32.Build.0 = Release|Win32
		{622D9B63-5C4E-3C16-A591-2F99BECBFDAF}.MinSizeRel|Win32.ActiveCfg = MinSizeRel|Win32
		{622D9B63-5C4E-3C16-A591-2F99BECBFDAF}.MinSizeRel|Win32.Build.0 = MinSizeRel|Win32
		{622D9B63-5C4E-3C16-A591-2F99BECBFDAF}.RelWithDebInfo|Win32.ActiveCfg = RelWithDebInfo|Win32
		{622D9B63-5C4E-3C16-A591-2F99BECBFDAF}.RelWithDebInfo|Win32.Build.0 = RelWithDebInfo|Win32
		{552E4B89-3809-31FA-9FDC-63E613A8B682}.Debug|Win32.ActiveCfg = Debug|Win32
		{552E4B89-3809-31FA-9FDC-63E613A8B682}.Debug|Win32.Build.0 = Debug|Win32
		{552E4B89-3809-31FA-9FDC-63E613A8B682}.Release|Win32.ActiveCfg = Release|Win32
		{552E4B89-3809-31FA-9FDC-63E613A8B682}.Release|Win32.Build.0 = Release|Win32
		{552E4B89-3809-31FA-9FDC-63E613A8B682}.MinSizeRel|Win32.ActiveCfg = MinSizeRel|Win32
		{552E4B89-3809-31FA-9FDC-63E613A8B682}.MinSizeRel|Win32.Build.0 = MinSizeRel|Win32
		{552E4B89-3809-31FA-9FDC-63E613A8B682}.RelWithDebInfo|Win32.ActiveCfg = RelWithDebInfo|Win32
		{552E4B89-3809-31FA-9FDC-63E613A8B682}.RelWithDebInfo|Win32.Build.0 = RelWithDebInfo|Win32
		{139B79A9-D0A2-32DA-B88C-6DEBBB416DCB}.Debug|Win32.ActiveCfg = Debug|Win32
		{139B79A9-D0A2-32DA-B88C-6DEBBB416DCB}.Debug|Win32.Build.0 = Debug|Win32
		{139B79A9-D0A2-32DA-B88C-6DEBBB416DCB}.Release|Win32.ActiveCfg = Release|Win32
		{139B79A9-D0A2-32DA-B88C-6DEBBB416DCB}.Release|Win32.Build.0 = Release|Win32
		{139B79A9-D0A2-32DA-B88C-6DEBBB416DCB}.MinSizeRel|Win32.ActiveCfg = MinSizeRel|Win32
		{139B79A9-D0A2-32DA-B88C-6DEBBB416DCB}.MinSizeRel|Win32.Build.0 = MinSizeRel|Win32
		{139B79A9-D0A2-32DA-B88C-6DEBBB416DCB}.RelWithDebInfo|Win32.ActiveCfg = RelWithDebInfo|Win32
		{139B79A9-D0A2-32DA-B88C-6DEBBB416DCB}.RelWithDebInfo|Win32.Build.0 = RelWithDebInfo|Win32
		{C5113FEB-D2D3-3521-8150-9085F914530E}.Debug|Win32.ActiveCfg = Debug|Win32
		{C5113FEB-D2D3-3521-8150-9085F914530E}.Debug|Win32.Build.0 = Debug|Win32
		{C5113FEB-D2D3-3521-8150-9085F914530E}.Release|Win32.ActiveCfg = Release|Win32
		{C5113FEB-D2D3-3521-8150-9085F914530E}.Release|Win32.Build.0 = Release|Win32
		{C5113FEB-D2D3-3521-8150-9085F914530E}.MinSizeRel|Win32.ActiveCfg = MinSizeRel|Win32
		{C5113FEB-D2D3-3521-8150-9085F914530E}.MinSizeRel|Win32.Build.0 = MinSizeRel|Win32
		{C5113FEB-D2D3-3521-8150-9085F914530E}.RelWithDebInfo|Win32.ActiveCfg = RelWithDebInfo|Win32
		{C5113FEB-D2D3-3521-8150-9085F914530E}.RelWithDebInfo|Win32.Build.0 = RelWithDebInfo|Win32
		{8331A6F8-A58A-3A3B-A923-6B53B9F0CE9B}.Debug|Win32.ActiveCfg = Debug|Win32
		{8331A6F8-A58A-3A3B-A923-6B53B9F0CE9B}.Debug|Win32.Build.0 = Debug|Win32
		{8331A6F8-A58A-3A3B-A923-6B53B9F0CE9B}.Release|Win32.ActiveCfg = Release|Win32
		{8331A6F8-A58A-3A3B-A923-6B53B9F0CE9B}.Release|Win32.Build.0 = Release|Win32
		{8331A6F8-A58A-3A3B-A923-6B53B9F0CE9B}.MinSizeRel|Win32.ActiveCfg = MinSizeRel|Win32
		{8331A6F8-A58A-3A3B-A923-6B53B9F0CE9B}.MinSizeRel|Win32.Build.0 = MinSizeRel|Win32
		{8331A6F8-A58A-3A3B-A923-6B53B9F0CE9B}.RelWithDebInfo|Win32.ActiveCfg = RelWithDebInfo|Win32
		{8331A6F8-A58A-3A3B-A923-6B53B9F0CE9B}.RelWithDebInfo|Win32.Build.0 = RelWithDebInfo|Win32
		{11D06102-B56D-3D11-BF23-25B039AF3CE8}.Debug|Win32.ActiveCfg = Debug|Win32
		{11D06102-B56D-3D11-BF23-25B039AF3CE8}.Debug|Win32.Build.0 = Debug|Win32
		{11D06102-B56D-3D11-BF23-25B039AF3CE8}.Release|Win32.ActiveCfg = Release|Win32
		{11D06102-B56D-3D11-BF23-25B039AF3CE8}.Release|Win32.Build.0 = Release|Win32
		{11D06102-B56D-3D11-BF23-25B039AF3CE8}.MinSizeRel|Win32.ActiveCfg = MinSizeRel|Win32
		{11D06102-B56D-3D11-BF23-25B039AF3CE8}.MinSizeRel|Win32.Build.0 = MinSizeRel|Win32
		{11D06102-B56D-3D11-BF23-25B039AF3CE8}.RelWithDebInfo|Win32.ActiveCfg = RelWithDebInfo|Win32
		{11D06102-B56D-3D11-BF23-25B039AF3CE8}.RelWithDebInfo|Win32.Build.0 = RelWithDebInfo|Win32
	EndGlobalSection
	GlobalSection(NestedProjects) = preSolution
		{AFC0B8D2-474A-3C10-8B35-876D38327D63} = {B5FE997E-29C7-3B51-85D3-67A7F5A92621}
		{B3B21C2B-2566-3286-94EA-4F5443499D45} = {B5FE997E-29C7-3B51-85D3-67A7F5A92621}
		{C2483C9B-340E-3B5D-93F9-A9EB7EDC034B} = {3A8B2B6D-D617-3E5B-A16E-99E787BDA993}
		{76435B6F-7996-3A40-8814-74FE2A530527} = {3A8B2B6D-D617-3E5B-A16E-99E787BDA993}
		{5F916041-C251-3DD9-9486-64DED94E6810} = {3A8B2B6D-D617-3E5B-A16E-99E787BDA993}
		{14B9CC73-3FAA-3684-A228-18A552E26DEB} = {3A8B2B6D-D617-3E5B-A16E-99E787BDA993}
		{CAA5C38E-021E-35F6-B1CC-0AEDE2B55FB6} = {3A8B2B6D-D617-3E5B-A16E-99E787BDA993}
		{622D9B63-5C4E-3C16-A591-2F99BECBFDAF} = {3A8B2B6D-D617-3E5B-A16E-99E787BDA993}
		{552E4B89-3809-31FA-9FDC-63E613A8B682} = {3A8B2B6D-D617-3E5B-A16E-99E787BDA993}
		{139B79A9-D0A2-32DA-B88C-6DEBBB416DCB} = {3A8B2B6D-D617-3E5B-A16E-99E787BDA993}
		{C5113FEB-D2D3-3521-8150-9085F914530E} = {3A8B2B6D-D617-3E5B-A16E-99E787BDA993}
		{8331A6F8-A58A-3A3B-A923-6B53B9F0CE9B} = {3A8B2B6D-D617-3E5B-A16E-99E787BDA993}
		{11D06102-B56D-3D11-BF23-25B039AF3CE8} = {3A8B2B6D-D617-3E5B-A16E-99E787BDA993}
		{83B46124-DFF3-3A69-AF7C-3B71B36EB72B} = {887A5CE2-52E0-3610-A008-D265359E8984}
		{A58B5E4D-8F4C-3BC9-AA2E-90F661695FE7} = {45A411B7-4E19-3EC9-9FE5-4712E05E4F00}
	EndGlobalSection
	GlobalSection(ExtensibilityGlobals) = postSolution
		SolutionGuid = {E5918169-4AE4-3A70-A0C2-A12A2961FA41}
	EndGlobalSection
	GlobalSection(ExtensibilityAddIns) = postSolution
	EndGlobalSection
EndGlobal
